// !$*UTF8*$!
{
	archiveVersion = 1;
	classes = {
	};
	objectVersion = 56;
	objects = {

/* Begin PBXBuildFile section */
		E215BCBA2C92E64C0013375F /* Midi_VisualizerApp.swift in Sources */ = {isa = PBXBuildFile; fileRef = E215BCB92C92E64C0013375F /* Midi_VisualizerApp.swift */; };
		E215BCBC2C92E64C0013375F /* ContentView.swift in Sources */ = {isa = PBXBuildFile; fileRef = E215BCBB2C92E64C0013375F /* ContentView.swift */; };
		E215BCBE2C92E64D0013375F /* Assets.xcassets in Resources */ = {isa = PBXBuildFile; fileRef = E215BCBD2C92E64D0013375F /* Assets.xcassets */; };
		E215BCC22C92E64D0013375F /* Preview Assets.xcassets in Resources */ = {isa = PBXBuildFile; fileRef = E215BCC12C92E64D0013375F /* Preview Assets.xcassets */; };
		E215BCCC2C92E64D0013375F /* Midi_VisualizerTests.swift in Sources */ = {isa = PBXBuildFile; fileRef = E215BCCB2C92E64D0013375F /* Midi_VisualizerTests.swift */; };
		E215BCD62C92E64D0013375F /* Midi_VisualizerUITests.swift in Sources */ = {isa = PBXBuildFile; fileRef = E215BCD52C92E64D0013375F /* Midi_VisualizerUITests.swift */; };
		E215BCD82C92E64D0013375F /* Midi_VisualizerUITestsLaunchTests.swift in Sources */ = {isa = PBXBuildFile; fileRef = E215BCD72C92E64D0013375F /* Midi_VisualizerUITestsLaunchTests.swift */; };
/* End PBXBuildFile section */

/* Begin PBXContainerItemProxy section */
		E215BCC82C92E64D0013375F /* PBXContainerItemProxy */ = {
			isa = PBXContainerItemProxy;
			containerPortal = E215BCAE2C92E64C0013375F /* Project object */;
			proxyType = 1;
			remoteGlobalIDString = E215BCB52C92E64C0013375F;
			remoteInfo = "Midi Visualizer";
		};
		E215BCD22C92E64D0013375F /* PBXContainerItemProxy */ = {
			isa = PBXContainerItemProxy;
			containerPortal = E215BCAE2C92E64C0013375F /* Project object */;
			proxyType = 1;
			remoteGlobalIDString = E215BCB52C92E64C0013375F;
			remoteInfo = "Midi Visualizer";
		};
/* End PBXContainerItemProxy section */

/* Begin PBXFileReference section */
		E215BCB62C92E64C0013375F /* Midi Visualizer.app */ = {isa = PBXFileReference; explicitFileType = wrapper.application; includeInIndex = 0; path = "Midi Visualizer.app"; sourceTree = BUILT_PRODUCTS_DIR; };
		E215BCB92C92E64C0013375F /* Midi_VisualizerApp.swift */ = {isa = PBXFileReference; lastKnownFileType = sourcecode.swift; path = Midi_VisualizerApp.swift; sourceTree = "<group>"; };
		E215BCBB2C92E64C0013375F /* ContentView.swift */ = {isa = PBXFileReference; lastKnownFileType = sourcecode.swift; path = ContentView.swift; sourceTree = "<group>"; };
		E215BCBD2C92E64D0013375F /* Assets.xcassets */ = {isa = PBXFileReference; lastKnownFileType = folder.assetcatalog; path = Assets.xcassets; sourceTree = "<group>"; };
		E215BCBF2C92E64D0013375F /* Midi_Visualizer.entitlements */ = {isa = PBXFileReference; lastKnownFileType = text.plist.entitlements; path = Midi_Visualizer.entitlements; sourceTree = "<group>"; };
		E215BCC12C92E64D0013375F /* Preview Assets.xcassets */ = {isa = PBXFileReference; lastKnownFileType = folder.assetcatalog; path = "Preview Assets.xcassets"; sourceTree = "<group>"; };
		E215BCC72C92E64D0013375F /* Midi VisualizerTests.xctest */ = {isa = PBXFileReference; explicitFileType = wrapper.cfbundle; includeInIndex = 0; path = "Midi VisualizerTests.xctest"; sourceTree = BUILT_PRODUCTS_DIR; };
		E215BCCB2C92E64D0013375F /* Midi_VisualizerTests.swift */ = {isa = PBXFileReference; lastKnownFileType = sourcecode.swift; path = Midi_VisualizerTests.swift; sourceTree = "<group>"; };
		E215BCD12C92E64D0013375F /* Midi VisualizerUITests.xctest */ = {isa = PBXFileReference; explicitFileType = wrapper.cfbundle; includeInIndex = 0; path = "Midi VisualizerUITests.xctest"; sourceTree = BUILT_PRODUCTS_DIR; };
		E215BCD52C92E64D0013375F /* Midi_VisualizerUITests.swift */ = {isa = PBXFileReference; lastKnownFileType = sourcecode.swift; path = Midi_VisualizerUITests.swift; sourceTree = "<group>"; };
		E215BCD72C92E64D0013375F /* Midi_VisualizerUITestsLaunchTests.swift */ = {isa = PBXFileReference; lastKnownFileType = sourcecode.swift; path = Midi_VisualizerUITestsLaunchTests.swift; sourceTree = "<group>"; };
/* End PBXFileReference section */

/* Begin PBXFrameworksBuildPhase section */
		E215BCB32C92E64C0013375F /* Frameworks */ = {
			isa = PBXFrameworksBuildPhase;
			buildActionMask = 2147483647;
			files = (
			);
			runOnlyForDeploymentPostprocessing = 0;
		};
		E215BCC42C92E64D0013375F /* Frameworks */ = {
			isa = PBXFrameworksBuildPhase;
			buildActionMask = 2147483647;
			files = (
			);
			runOnlyForDeploymentPostprocessing = 0;
		};
		E215BCCE2C92E64D0013375F /* Frameworks */ = {
			isa = PBXFrameworksBuildPhase;
			buildActionMask = 2147483647;
			files = (
			);
			runOnlyForDeploymentPostprocessing = 0;
		};
/* End PBXFrameworksBuildPhase section */

/* Begin PBXGroup section */
		E215BCAD2C92E64C0013375F = {
			isa = PBXGroup;
			children = (
				E215BCB82C92E64C0013375F /* Midi Visualizer */,
				E215BCCA2C92E64D0013375F /* Midi VisualizerTests */,
				E215BCD42C92E64D0013375F /* Midi VisualizerUITests */,
				E215BCB72C92E64C0013375F /* Products */,
			);
			sourceTree = "<group>";
		};
		E215BCB72C92E64C0013375F /* Products */ = {
			isa = PBXGroup;
			children = (
				E215BCB62C92E64C0013375F /* Midi Visualizer.app */,
				E215BCC72C92E64D0013375F /* Midi VisualizerTests.xctest */,
				E215BCD12C92E64D0013375F /* Midi VisualizerUITests.xctest */,
			);
			name = Products;
			sourceTree = "<group>";
		};
		E215BCB82C92E64C0013375F /* Midi Visualizer */ = {
			isa = PBXGroup;
			children = (
				E215BCB92C92E64C0013375F /* Midi_VisualizerApp.swift */,
				E215BCBB2C92E64C0013375F /* ContentView.swift */,
				E215BCBD2C92E64D0013375F /* Assets.xcassets */,
				E215BCBF2C92E64D0013375F /* Midi_Visualizer.entitlements */,
				E215BCC02C92E64D0013375F /* Preview Content */,
			);
			path = "Midi Visualizer";
			sourceTree = "<group>";
		};
		E215BCC02C92E64D0013375F /* Preview Content */ = {
			isa = PBXGroup;
			children = (
				E215BCC12C92E64D0013375F /* Preview Assets.xcassets */,
			);
			path = "Preview Content";
			sourceTree = "<group>";
		};
		E215BCCA2C92E64D0013375F /* Midi VisualizerTests */ = {
			isa = PBXGroup;
			children = (
				E215BCCB2C92E64D0013375F /* Midi_VisualizerTests.swift */,
			);
			path = "Midi VisualizerTests";
			sourceTree = "<group>";
		};
		E215BCD42C92E64D0013375F /* Midi VisualizerUITests */ = {
			isa = PBXGroup;
			children = (
				E215BCD52C92E64D0013375F /* Midi_VisualizerUITests.swift */,
				E215BCD72C92E64D0013375F /* Midi_VisualizerUITestsLaunchTests.swift */,
			);
			path = "Midi VisualizerUITests";
			sourceTree = "<group>";
		};
/* End PBXGroup section */

/* Begin PBXNativeTarget section */
		E215BCB52C92E64C0013375F /* Midi Visualizer */ = {
			isa = PBXNativeTarget;
			buildConfigurationList = E215BCDB2C92E64D0013375F /* Build configuration list for PBXNativeTarget "Midi Visualizer" */;
			buildPhases = (
				E215BCB22C92E64C0013375F /* Sources */,
				E215BCB32C92E64C0013375F /* Frameworks */,
				E215BCB42C92E64C0013375F /* Resources */,
			);
			buildRules = (
			);
			dependencies = (
			);
			name = "Midi Visualizer";
			productName = "Midi Visualizer";
			productReference = E215BCB62C92E64C0013375F /* Midi Visualizer.app */;
			productType = "com.apple.product-type.application";
		};
		E215BCC62C92E64D0013375F /* Midi VisualizerTests */ = {
			isa = PBXNativeTarget;
			buildConfigurationList = E215BCDE2C92E64D0013375F /* Build configuration list for PBXNativeTarget "Midi VisualizerTests" */;
			buildPhases = (
				E215BCC32C92E64D0013375F /* Sources */,
				E215BCC42C92E64D0013375F /* Frameworks */,
				E215BCC52C92E64D0013375F /* Resources */,
			);
			buildRules = (
			);
			dependencies = (
				E215BCC92C92E64D0013375F /* PBXTargetDependency */,
			);
			name = "Midi VisualizerTests";
			productName = "Midi VisualizerTests";
			productReference = E215BCC72C92E64D0013375F /* Midi VisualizerTests.xctest */;
			productType = "com.apple.product-type.bundle.unit-test";
		};
		E215BCD02C92E64D0013375F /* Midi VisualizerUITests */ = {
			isa = PBXNativeTarget;
			buildConfigurationList = E215BCE12C92E64D0013375F /* Build configuration list for PBXNativeTarget "Midi VisualizerUITests" */;
			buildPhases = (
				E215BCCD2C92E64D0013375F /* Sources */,
				E215BCCE2C92E64D0013375F /* Frameworks */,
				E215BCCF2C92E64D0013375F /* Resources */,
			);
			buildRules = (
			);
			dependencies = (
				E215BCD32C92E64D0013375F /* PBXTargetDependency */,
			);
			name = "Midi VisualizerUITests";
			productName = "Midi VisualizerUITests";
			productReference = E215BCD12C92E64D0013375F /* Midi VisualizerUITests.xctest */;
			productType = "com.apple.product-type.bundle.ui-testing";
		};
/* End PBXNativeTarget section */

/* Begin PBXProject section */
		E215BCAE2C92E64C0013375F /* Project object */ = {
			isa = PBXProject;
			attributes = {
				BuildIndependentTargetsInParallel = 1;
				LastSwiftUpdateCheck = 1540;
				LastUpgradeCheck = 1540;
				TargetAttributes = {
					E215BCB52C92E64C0013375F = {
						CreatedOnToolsVersion = 15.4;
					};
					E215BCC62C92E64D0013375F = {
						CreatedOnToolsVersion = 15.4;
						TestTargetID = E215BCB52C92E64C0013375F;
					};
					E215BCD02C92E64D0013375F = {
						CreatedOnToolsVersion = 15.4;
						TestTargetID = E215BCB52C92E64C0013375F;
					};
				};
			};
			buildConfigurationList = E215BCB12C92E64C0013375F /* Build configuration list for PBXProject "Midi Visualizer" */;
			compatibilityVersion = "Xcode 14.0";
			developmentRegion = en;
			hasScannedForEncodings = 0;
			knownRegions = (
				en,
				Base,
			);
			mainGroup = E215BCAD2C92E64C0013375F;
			productRefGroup = E215BCB72C92E64C0013375F /* Products */;
			projectDirPath = "";
			projectRoot = "";
			targets = (
				E215BCB52C92E64C0013375F /* Midi Visualizer */,
				E215BCC62C92E64D0013375F /* Midi VisualizerTests */,
				E215BCD02C92E64D0013375F /* Midi VisualizerUITests */,
			);
		};
/* End PBXProject section */

/* Begin PBXResourcesBuildPhase section */
		E215BCB42C92E64C0013375F /* Resources */ = {
			isa = PBXResourcesBuildPhase;
			buildActionMask = 2147483647;
			files = (
				E215BCC22C92E64D0013375F /* Preview Assets.xcassets in Resources */,
				E215BCBE2C92E64D0013375F /* Assets.xcassets in Resources */,
			);
			runOnlyForDeploymentPostprocessing = 0;
		};
		E215BCC52C92E64D0013375F /* Resources */ = {
			isa = PBXResourcesBuildPhase;
			buildActionMask = 2147483647;
			files = (
			);
			runOnlyForDeploymentPostprocessing = 0;
		};
		E215BCCF2C92E64D0013375F /* Resources */ = {
			isa = PBXResourcesBuildPhase;
			buildActionMask = 2147483647;
			files = (
			);
			runOnlyForDeploymentPostprocessing = 0;
		};
/* End PBXResourcesBuildPhase section */

/* Begin PBXSourcesBuildPhase section */
		E215BCB22C92E64C0013375F /* Sources */ = {
			isa = PBXSourcesBuildPhase;
			buildActionMask = 2147483647;
			files = (
				E215BCBC2C92E64C0013375F /* ContentView.swift in Sources */,
				E215BCBA2C92E64C0013375F /* Midi_VisualizerApp.swift in Sources */,
			);
			runOnlyForDeploymentPostprocessing = 0;
		};
		E215BCC32C92E64D0013375F /* Sources */ = {
			isa = PBXSourcesBuildPhase;
			buildActionMask = 2147483647;
			files = (
				E215BCCC2C92E64D0013375F /* Midi_VisualizerTests.swift in Sources */,
			);
			runOnlyForDeploymentPostprocessing = 0;
		};
		E215BCCD2C92E64D0013375F /* Sources */ = {
			isa = PBXSourcesBuildPhase;
			buildActionMask = 2147483647;
			files = (
				E215BCD62C92E64D0013375F /* Midi_VisualizerUITests.swift in Sources */,
				E215BCD82C92E64D0013375F /* Midi_VisualizerUITestsLaunchTests.swift in Sources */,
			);
			runOnlyForDeploymentPostprocessing = 0;
		};
/* End PBXSourcesBuildPhase section */

/* Begin PBXTargetDependency section */
		E215BCC92C92E64D0013375F /* PBXTargetDependency */ = {
			isa = PBXTargetDependency;
			target = E215BCB52C92E64C0013375F /* Midi Visualizer */;
			targetProxy = E215BCC82C92E64D0013375F /* PBXContainerItemProxy */;
		};
		E215BCD32C92E64D0013375F /* PBXTargetDependency */ = {
			isa = PBXTargetDependency;
			target = E215BCB52C92E64C0013375F /* Midi Visualizer */;
			targetProxy = E215BCD22C92E64D0013375F /* PBXContainerItemProxy */;
		};
/* End PBXTargetDependency section */

/* Begin XCBuildConfiguration section */
		E215BCD92C92E64D0013375F /* Debug */ = {
			isa = XCBuildConfiguration;
			buildSettings = {
				ALWAYS_SEARCH_USER_PATHS = NO;
				ASSETCATALOG_COMPILER_GENERATE_SWIFT_ASSET_SYMBOL_EXTENSIONS = YES;
				CLANG_ANALYZER_NONNULL = YES;
				CLANG_ANALYZER_NUMBER_OBJECT_CONVERSION = YES_AGGRESSIVE;
				CLANG_CXX_LANGUAGE_STANDARD = "gnu++20";
				CLANG_ENABLE_MODULES = YES;
				CLANG_ENABLE_OBJC_ARC = YES;
				CLANG_ENABLE_OBJC_WEAK = YES;
				CLANG_WARN_BLOCK_CAPTURE_AUTORELEASING = YES;
				CLANG_WARN_BOOL_CONVERSION = YES;
				CLANG_WARN_COMMA = YES;
				CLANG_WARN_CONSTANT_CONVERSION = YES;
				CLANG_WARN_DEPRECATED_OBJC_IMPLEMENTATIONS = YES;
				CLANG_WARN_DIRECT_OBJC_ISA_USAGE = YES_ERROR;
				CLANG_WARN_DOCUMENTATION_COMMENTS = YES;
				CLANG_WARN_EMPTY_BODY = YES;
				CLANG_WARN_ENUM_CONVERSION = YES;
				CLANG_WARN_INFINITE_RECURSION = YES;
				CLANG_WARN_INT_CONVERSION = YES;
				CLANG_WARN_NON_LITERAL_NULL_CONVERSION = YES;
				CLANG_WARN_OBJC_IMPLICIT_RETAIN_SELF = YES;
				CLANG_WARN_OBJC_LITERAL_CONVERSION = YES;
				CLANG_WARN_OBJC_ROOT_CLASS = YES_ERROR;
				CLANG_WARN_QUOTED_INCLUDE_IN_FRAMEWORK_HEADER = YES;
				CLANG_WARN_RANGE_LOOP_ANALYSIS = YES;
				CLANG_WARN_STRICT_PROTOTYPES = YES;
				CLANG_WARN_SUSPICIOUS_MOVE = YES;
				CLANG_WARN_UNGUARDED_AVAILABILITY = YES_AGGRESSIVE;
				CLANG_WARN_UNREACHABLE_CODE = YES;
				CLANG_WARN__DUPLICATE_METHOD_MATCH = YES;
				COPY_PHASE_STRIP = NO;
				DEBUG_INFORMATION_FORMAT = dwarf;
				ENABLE_STRICT_OBJC_MSGSEND = YES;
				ENABLE_TESTABILITY = YES;
				ENABLE_USER_SCRIPT_SANDBOXING = YES;
				GCC_C_LANGUAGE_STANDARD = gnu17;
				GCC_DYNAMIC_NO_PIC = NO;
				GCC_NO_COMMON_BLOCKS = YES;
				GCC_OPTIMIZATION_LEVEL = 0;
				GCC_PREPROCESSOR_DEFINITIONS = (
					"DEBUG=1",
					"$(inherited)",
				);
				GCC_WARN_64_TO_32_BIT_CONVERSION = YES;
				GCC_WARN_ABOUT_RETURN_TYPE = YES_ERROR;
				GCC_WARN_UNDECLARED_SELECTOR = YES;
				GCC_WARN_UNINITIALIZED_AUTOS = YES_AGGRESSIVE;
				GCC_WARN_UNUSED_FUNCTION = YES;
				GCC_WARN_UNUSED_VARIABLE = YES;
				LOCALIZATION_PREFERS_STRING_CATALOGS = YES;
				MTL_ENABLE_DEBUG_INFO = INCLUDE_SOURCE;
				MTL_FAST_MATH = YES;
				ONLY_ACTIVE_ARCH = YES;
				SWIFT_ACTIVE_COMPILATION_CONDITIONS = "DEBUG $(inherited)";
				SWIFT_OPTIMIZATION_LEVEL = "-Onone";
			};
			name = Debug;
		};
		E215BCDA2C92E64D0013375F /* Release */ = {
			isa = XCBuildConfiguration;
			buildSettings = {
				ALWAYS_SEARCH_USER_PATHS = NO;
				ASSETCATALOG_COMPILER_GENERATE_SWIFT_ASSET_SYMBOL_EXTENSIONS = YES;
				CLANG_ANALYZER_NONNULL = YES;
				CLANG_ANALYZER_NUMBER_OBJECT_CONVERSION = YES_AGGRESSIVE;
				CLANG_CXX_LANGUAGE_STANDARD = "gnu++20";
				CLANG_ENABLE_MODULES = YES;
				CLANG_ENABLE_OBJC_ARC = YES;
				CLANG_ENABLE_OBJC_WEAK = YES;
				CLANG_WARN_BLOCK_CAPTURE_AUTORELEASING = YES;
				CLANG_WARN_BOOL_CONVERSION = YES;
				CLANG_WARN_COMMA = YES;
				CLANG_WARN_CONSTANT_CONVERSION = YES;
				CLANG_WARN_DEPRECATED_OBJC_IMPLEMENTATIONS = YES;
				CLANG_WARN_DIRECT_OBJC_ISA_USAGE = YES_ERROR;
				CLANG_WARN_DOCUMENTATION_COMMENTS = YES;
				CLANG_WARN_EMPTY_BODY = YES;
				CLANG_WARN_ENUM_CONVERSION = YES;
				CLANG_WARN_INFINITE_RECURSION = YES;
				CLANG_WARN_INT_CONVERSION = YES;
				CLANG_WARN_NON_LITERAL_NULL_CONVERSION = YES;
				CLANG_WARN_OBJC_IMPLICIT_RETAIN_SELF = YES;
				CLANG_WARN_OBJC_LITERAL_CONVERSION = YES;
				CLANG_WARN_OBJC_ROOT_CLASS = YES_ERROR;
				CLANG_WARN_QUOTED_INCLUDE_IN_FRAMEWORK_HEADER = YES;
				CLANG_WARN_RANGE_LOOP_ANALYSIS = YES;
				CLANG_WARN_STRICT_PROTOTYPES = YES;
				CLANG_WARN_SUSPICIOUS_MOVE = YES;
				CLANG_WARN_UNGUARDED_AVAILABILITY = YES_AGGRESSIVE;
				CLANG_WARN_UNREACHABLE_CODE = YES;
				CLANG_WARN__DUPLICATE_METHOD_MATCH = YES;
				COPY_PHASE_STRIP = NO;
				DEBUG_INFORMATION_FORMAT = "dwarf-with-dsym";
				ENABLE_NS_ASSERTIONS = NO;
				ENABLE_STRICT_OBJC_MSGSEND = YES;
				ENABLE_USER_SCRIPT_SANDBOXING = YES;
				GCC_C_LANGUAGE_STANDARD = gnu17;
				GCC_NO_COMMON_BLOCKS = YES;
				GCC_WARN_64_TO_32_BIT_CONVERSION = YES;
				GCC_WARN_ABOUT_RETURN_TYPE = YES_ERROR;
				GCC_WARN_UNDECLARED_SELECTOR = YES;
				GCC_WARN_UNINITIALIZED_AUTOS = YES_AGGRESSIVE;
				GCC_WARN_UNUSED_FUNCTION = YES;
				GCC_WARN_UNUSED_VARIABLE = YES;
				LOCALIZATION_PREFERS_STRING_CATALOGS = YES;
				MTL_ENABLE_DEBUG_INFO = NO;
				MTL_FAST_MATH = YES;
				SWIFT_COMPILATION_MODE = wholemodule;
			};
			name = Release;
		};
		E215BCDC2C92E64D0013375F /* Debug */ = {
			isa = XCBuildConfiguration;
			buildSettings = {
				ASSETCATALOG_COMPILER_APPICON_NAME = AppIcon;
				ASSETCATALOG_COMPILER_GLOBAL_ACCENT_COLOR_NAME = AccentColor;
				CODE_SIGN_ENTITLEMENTS = "Midi Visualizer/Midi_Visualizer.entitlements";
				CODE_SIGN_STYLE = Automatic;
				CURRENT_PROJECT_VERSION = 1;
				DEVELOPMENT_ASSET_PATHS = "\"Midi Visualizer/Preview Content\"";
				DEVELOPMENT_TEAM = 9PF2WCAJ54;
				ENABLE_HARDENED_RUNTIME = YES;
				ENABLE_PREVIEWS = YES;
				GENERATE_INFOPLIST_FILE = YES;
				"INFOPLIST_KEY_UIApplicationSceneManifest_Generation[sdk=iphoneos*]" = YES;
				"INFOPLIST_KEY_UIApplicationSceneManifest_Generation[sdk=iphonesimulator*]" = YES;
				"INFOPLIST_KEY_UIApplicationSupportsIndirectInputEvents[sdk=iphoneos*]" = YES;
				"INFOPLIST_KEY_UIApplicationSupportsIndirectInputEvents[sdk=iphonesimulator*]" = YES;
				"INFOPLIST_KEY_UILaunchScreen_Generation[sdk=iphoneos*]" = YES;
				"INFOPLIST_KEY_UILaunchScreen_Generation[sdk=iphonesimulator*]" = YES;
				"INFOPLIST_KEY_UIStatusBarStyle[sdk=iphoneos*]" = UIStatusBarStyleDefault;
				"INFOPLIST_KEY_UIStatusBarStyle[sdk=iphonesimulator*]" = UIStatusBarStyleDefault;
				INFOPLIST_KEY_UISupportedInterfaceOrientations_iPad = "UIInterfaceOrientationPortrait UIInterfaceOrientationPortraitUpsideDown UIInterfaceOrientationLandscapeLeft UIInterfaceOrientationLandscapeRight";
				INFOPLIST_KEY_UISupportedInterfaceOrientations_iPhone = "UIInterfaceOrientationPortrait UIInterfaceOrientationLandscapeLeft UIInterfaceOrientationLandscapeRight";
				IPHONEOS_DEPLOYMENT_TARGET = 17.5;
				LD_RUNPATH_SEARCH_PATHS = "@executable_path/Frameworks";
				"LD_RUNPATH_SEARCH_PATHS[sdk=macosx*]" = "@executable_path/../Frameworks";
				MACOSX_DEPLOYMENT_TARGET = 14.5;
				MARKETING_VERSION = 1.0;
				PRODUCT_BUNDLE_IDENTIFIER = "com.cecilionavarro.Midi-Visualizer";
				PRODUCT_NAME = "$(TARGET_NAME)";
				SDKROOT = auto;
				SUPPORTED_PLATFORMS = "iphoneos iphonesimulator macosx";
				SWIFT_EMIT_LOC_STRINGS = YES;
				SWIFT_VERSION = 5.0;
				TARGETED_DEVICE_FAMILY = "1,2";
			};
			name = Debug;
		};
		E215BCDD2C92E64D0013375F /* Release */ = {
			isa = XCBuildConfiguration;
			buildSettings = {
				ASSETCATALOG_COMPILER_APPICON_NAME = AppIcon;
				ASSETCATALOG_COMPILER_GLOBAL_ACCENT_COLOR_NAME = AccentColor;
				CODE_SIGN_ENTITLEMENTS = "Midi Visualizer/Midi_Visualizer.entitlements";
				CODE_SIGN_STYLE = Automatic;
				CURRENT_PROJECT_VERSION = 1;
				DEVELOPMENT_ASSET_PATHS = "\"Midi Visualizer/Preview Content\"";
				DEVELOPMENT_TEAM = 9PF2WCAJ54;
				ENABLE_HARDENED_RUNTIME = YES;
				ENABLE_PREVIEWS = YES;
				GENERATE_INFOPLIST_FILE = YES;
				"INFOPLIST_KEY_UIApplicationSceneManifest_Generation[sdk=iphoneos*]" = YES;
				"INFOPLIST_KEY_UIApplicationSceneManifest_Generation[sdk=iphonesimulator*]" = YES;
				"INFOPLIST_KEY_UIApplicationSupportsIndirectInputEvents[sdk=iphoneos*]" = YES;
				"INFOPLIST_KEY_UIApplicationSupportsIndirectInputEvents[sdk=iphonesimulator*]" = YES;
				"INFOPLIST_KEY_UILaunchScreen_Generation[sdk=iphoneos*]" = YES;
				"INFOPLIST_KEY_UILaunchScreen_Generation[sdk=iphonesimulator*]" = YES;
				"INFOPLIST_KEY_UIStatusBarStyle[sdk=iphoneos*]" = UIStatusBarStyleDefault;
				"INFOPLIST_KEY_UIStatusBarStyle[sdk=iphonesimulator*]" = UIStatusBarStyleDefault;
				INFOPLIST_KEY_UISupportedInterfaceOrientations_iPad = "UIInterfaceOrientationPortrait UIInterfaceOrientationPortraitUpsideDown UIInterfaceOrientationLandscapeLeft UIInterfaceOrientationLandscapeRight";
				INFOPLIST_KEY_UISupportedInterfaceOrientations_iPhone = "UIInterfaceOrientationPortrait UIInterfaceOrientationLandscapeLeft UIInterfaceOrientationLandscapeRight";
				IPHONEOS_DEPLOYMENT_TARGET = 17.5;
				LD_RUNPATH_SEARCH_PATHS = "@executable_path/Frameworks";
				"LD_RUNPATH_SEARCH_PATHS[sdk=macosx*]" = "@executable_path/../Frameworks";
				MACOSX_DEPLOYMENT_TARGET = 14.5;
				MARKETING_VERSION = 1.0;
				PRODUCT_BUNDLE_IDENTIFIER = "com.cecilionavarro.Midi-Visualizer";
				PRODUCT_NAME = "$(TARGET_NAME)";
				SDKROOT = auto;
				SUPPORTED_PLATFORMS = "iphoneos iphonesimulator macosx";
				SWIFT_EMIT_LOC_STRINGS = YES;
				SWIFT_VERSION = 5.0;
				TARGETED_DEVICE_FAMILY = "1,2";
			};
			name = Release;
		};
		E215BCDF2C92E64D0013375F /* Debug */ = {
			isa = XCBuildConfiguration;
			buildSettings = {
				ALWAYS_EMBED_SWIFT_STANDARD_LIBRARIES = YES;
				BUNDLE_LOADER = "$(TEST_HOST)";
				CODE_SIGN_STYLE = Automatic;
				CURRENT_PROJECT_VERSION = 1;
				DEVELOPMENT_TEAM = 9PF2WCAJ54;
				GENERATE_INFOPLIST_FILE = YES;
				IPHONEOS_DEPLOYMENT_TARGET = 17.5;
				MACOSX_DEPLOYMENT_TARGET = 14.5;
				MARKETING_VERSION = 1.0;
				PRODUCT_BUNDLE_IDENTIFIER = "com.cecilionavarro.Midi-VisualizerTests";
				PRODUCT_NAME = "$(TARGET_NAME)";
				SDKROOT = auto;
				SUPPORTED_PLATFORMS = "iphoneos iphonesimulator macosx";
				SWIFT_EMIT_LOC_STRINGS = NO;
				SWIFT_VERSION = 5.0;
				TARGETED_DEVICE_FAMILY = "1,2";
				TEST_HOST = "$(BUILT_PRODUCTS_DIR)/Midi Visualizer.app/$(BUNDLE_EXECUTABLE_FOLDER_PATH)/Midi Visualizer";
			};
			name = Debug;
		};
		E215BCE02C92E64D0013375F /* Release */ = {
			isa = XCBuildConfiguration;
			buildSettings = {
				ALWAYS_EMBED_SWIFT_STANDARD_LIBRARIES = YES;
				BUNDLE_LOADER = "$(TEST_HOST)";
				CODE_SIGN_STYLE = Automatic;
				CURRENT_PROJECT_VERSION = 1;
				DEVELOPMENT_TEAM = 9PF2WCAJ54;
				GENERATE_INFOPLIST_FILE = YES;
				IPHONEOS_DEPLOYMENT_TARGET = 17.5;
				MACOSX_DEPLOYMENT_TARGET = 14.5;
				MARKETING_VERSION = 1.0;
				PRODUCT_BUNDLE_IDENTIFIER = "com.cecilionavarro.Midi-VisualizerTests";
				PRODUCT_NAME = "$(TARGET_NAME)";
				SDKROOT = auto;
				SUPPORTED_PLATFORMS = "iphoneos iphonesimulator macosx";
				SWIFT_EMIT_LOC_STRINGS = NO;
				SWIFT_VERSION = 5.0;
				TARGETED_DEVICE_FAMILY = "1,2";
				TEST_HOST = "$(BUILT_PRODUCTS_DIR)/Midi Visualizer.app/$(BUNDLE_EXECUTABLE_FOLDER_PATH)/Midi Visualizer";
			};
			name = Release;
		};
		E215BCE22C92E64D0013375F /* Debug */ = {
			isa = XCBuildConfiguration;
			buildSettings = {
				ALWAYS_EMBED_SWIFT_STANDARD_LIBRARIES = YES;
				CODE_SIGN_STYLE = Automatic;
				CURRENT_PROJECT_VERSION = 1;
				DEVELOPMENT_TEAM = 9PF2WCAJ54;
				GENERATE_INFOPLIST_FILE = YES;
				IPHONEOS_DEPLOYMENT_TARGET = 17.5;
				MACOSX_DEPLOYMENT_TARGET = 14.5;
				MARKETING_VERSION = 1.0;
				PRODUCT_BUNDLE_IDENTIFIER = "com.cecilionavarro.Midi-VisualizerUITests";
				PRODUCT_NAME = "$(TARGET_NAME)";
				SDKROOT = auto;
				SUPPORTED_PLATFORMS = "iphoneos iphonesimulator macosx";
				SWIFT_EMIT_LOC_STRINGS = NO;
				SWIFT_VERSION = 5.0;
				TARGETED_DEVICE_FAMILY = "1,2";
				TEST_TARGET_NAME = "Midi Visualizer";
			};
			name = Debug;
		};
		E215BCE32C92E64D0013375F /* Release */ = {
			isa = XCBuildConfiguration;
			buildSettings = {
				ALWAYS_EMBED_SWIFT_STANDARD_LIBRARIES = YES;
				CODE_SIGN_STYLE = Automatic;
				CURRENT_PROJECT_VERSION = 1;
				DEVELOPMENT_TEAM = 9PF2WCAJ54;
				GENERATE_INFOPLIST_FILE = YES;
				IPHONEOS_DEPLOYMENT_TARGET = 17.5;
				MACOSX_DEPLOYMENT_TARGET = 14.5;
				MARKETING_VERSION = 1.0;
				PRODUCT_BUNDLE_IDENTIFIER = "com.cecilionavarro.Midi-VisualizerUITests";
				PRODUCT_NAME = "$(TARGET_NAME)";
				SDKROOT = auto;
				SUPPORTED_PLATFORMS = "iphoneos iphonesimulator macosx";
				SWIFT_EMIT_LOC_STRINGS = NO;
				SWIFT_VERSION = 5.0;
				TARGETED_DEVICE_FAMILY = "1,2";
				TEST_TARGET_NAME = "Midi Visualizer";
			};
			name = Release;
		};
/* End XCBuildConfiguration section */

/* Begin XCConfigurationList section */
		E215BCB12C92E64C0013375F /* Build configuration list for PBXProject "Midi Visualizer" */ = {
			isa = XCConfigurationList;
			buildConfigurations = (
				E215BCD92C92E64D0013375F /* Debug */,
				E215BCDA2C92E64D0013375F /* Release */,
			);
			defaultConfigurationIsVisible = 0;
			defaultConfigurationName = Release;
		};
		E215BCDB2C92E64D0013375F /* Build configuration list for PBXNativeTarget "Midi Visualizer" */ = {
			isa = XCConfigurationList;
			buildConfigurations = (
				E215BCDC2C92E64D0013375F /* Debug */,
				E215BCDD2C92E64D0013375F /* Release */,
			);
			defaultConfigurationIsVisible = 0;
			defaultConfigurationName = Release;
		};
		E215BCDE2C92E64D0013375F /* Build configuration list for PBXNativeTarget "Midi VisualizerTests" */ = {
			isa = XCConfigurationList;
			buildConfigurations = (
				E215BCDF2C92E64D0013375F /* Debug */,
				E215BCE02C92E64D0013375F /* Release */,
			);
			defaultConfigurationIsVisible = 0;
			defaultConfigurationName = Release;
		};
		E215BCE12C92E64D0013375F /* Build configuration list for PBXNativeTarget "Midi VisualizerUITests" */ = {
			isa = XCConfigurationList;
			buildConfigurations = (
				E215BCE22C92E64D0013375F /* Debug */,
				E215BCE32C92E64D0013375F /* Release */,
			);
			defaultConfigurationIsVisible = 0;
			defaultConfigurationName = Release;
		};
/* End XCConfigurationList section */
	};
	rootObject = E215BCAE2C92E64C0013375F /* Project object */;
}
